
Microsoft Visual Studio Solution File, Format Version 12.00
# Visual Studio 14
VisualStudioVersion = 14.0.25420.1
MinimumVisualStudioVersion = 10.0.40219.1
Project("{FAE04EC0-301F-11D3-BF4B-00C04F79EFBC}") = "DemoCSharpActiveX", "DemoCSharpActiveX\DemoCSharpActiveX.csproj", "{5EF5AF30-1337-44EF-9740-0C3262DEEDC3}"
EndProject
Project("{54435603-DBB4-11D2-8724-00A0C9A8B90C}") = "ActiveXSetup", "ActiveXSetup\ActiveXSetup.vdproj", "{FC9ECC4A-D0B9-45E7-A54D-9A14B2DCC3B3}"
EndProject
Global
	GlobalSection(SolutionConfigurationPlatforms) = preSolution
		Debug|Any CPU = Debug|Any CPU
		Release|Any CPU = Release|Any CPU
	EndGlobalSection
	GlobalSection(ProjectConfigurationPlatforms) = postSolution
		{5EF5AF30-1337-44EF-9740-0C3262DEEDC3}.Debug|Any CPU.ActiveCfg = Debug|Any CPU
		{5EF5AF30-1337-44EF-9740-0C3262DEEDC3}.Debug|Any CPU.Build.0 = Debug|Any CPU
		{5EF5AF30-1337-44EF-9740-0C3262DEEDC3}.Release|Any CPU.ActiveCfg = Release|Any CPU
		{5EF5AF30-1337-44EF-9740-0C3262DEEDC3}.Release|Any CPU.Build.0 = Release|Any CPU
		{FC9ECC4A-D0B9-45E7-A54D-9A14B2DCC3B3}.Debug|Any CPU.ActiveCfg = Debug
		{FC9ECC4A-D0B9-45E7-A54D-9A14B2DCC3B3}.Release|Any CPU.ActiveCfg = Release
	EndGlobalSection
	GlobalSection(SolutionProperties) = preSolution
		HideSolutionNode = FALSE
	EndGlobalSection
EndGlobal
